
Microsoft Visual Studio Solution File, Format Version 12.00
# Visual Studio Version 17
VisualStudioVersion = 17.8.34330.188
MinimumVisualStudioVersion = 10.0.40219.1
Project("{9A19103F-16F7-4668-BE54-9A1E7A4F7556}") = "Quadratic_Equation", "Quadratic_Equation\Quadratic_Equation.csproj", "{69BFB102-64D5-4963-96C5-72F520E85A9A}"
EndProject
Project("{9A19103F-16F7-4668-BE54-9A1E7A4F7556}") = "Maze_Example", "Maze\Maze_Example.csproj", "{521F245C-9E55-4F8C-A6F8-6E599C647535}"
EndProject
Project("{FAE04EC0-301F-11D3-BF4B-00C04F79EFBC}") = "Basket_Example", "Basket_Example\Basket_Example.csproj", "{539A40EF-F0F5-4544-ABB7-F5A2E05529EA}"
EndProject
Global
	GlobalSection(SolutionConfigurationPlatforms) = preSolution
		Debug|Any CPU = Debug|Any CPU
		Release|Any CPU = Release|Any CPU
	EndGlobalSection
	GlobalSection(ProjectConfigurationPlatforms) = postSolution
		{69BFB102-64D5-4963-96C5-72F520E85A9A}.Debug|Any CPU.ActiveCfg = Debug|Any CPU
		{69BFB102-64D5-4963-96C5-72F520E85A9A}.Debug|Any CPU.Build.0 = Debug|Any CPU
		{69BFB102-64D5-4963-96C5-72F520E85A9A}.Release|Any CPU.ActiveCfg = Release|Any CPU
		{69BFB102-64D5-4963-96C5-72F520E85A9A}.Release|Any CPU.Build.0 = Release|Any CPU
		{521F245C-9E55-4F8C-A6F8-6E599C647535}.Debug|Any CPU.ActiveCfg = Debug|Any CPU
		{521F245C-9E55-4F8C-A6F8-6E599C647535}.Debug|Any CPU.Build.0 = Debug|Any CPU
		{521F245C-9E55-4F8C-A6F8-6E599C647535}.Release|Any CPU.ActiveCfg = Release|Any CPU
		{521F245C-9E55-4F8C-A6F8-6E599C647535}.Release|Any CPU.Build.0 = Release|Any CPU
		{539A40EF-F0F5-4544-ABB7-F5A2E05529EA}.Debug|Any CPU.ActiveCfg = Debug|Any CPU
		{539A40EF-F0F5-4544-ABB7-F5A2E05529EA}.Debug|Any CPU.Build.0 = Debug|Any CPU
		{539A40EF-F0F5-4544-ABB7-F5A2E05529EA}.Release|Any CPU.ActiveCfg = Release|Any CPU
		{539A40EF-F0F5-4544-ABB7-F5A2E05529EA}.Release|Any CPU.Build.0 = Release|Any CPU
	EndGlobalSection
	GlobalSection(SolutionProperties) = preSolution
		HideSolutionNode = FALSE
	EndGlobalSection
	GlobalSection(ExtensibilityGlobals) = postSolution
		SolutionGuid = {67DEA321-BDA8-49BC-8267-3C816211F743}
	EndGlobalSection
EndGlobal
