
Microsoft Visual Studio Solution File, Format Version 12.00
# Visual Studio Version 17
VisualStudioVersion = 17.8.34330.188
MinimumVisualStudioVersion = 10.0.40219.1
Project("{9A19103F-16F7-4668-BE54-9A1E7A4F7556}") = "Quadratic_Equation", "Quadratic_Equation\Quadratic_Equation.csproj", "{69BFB102-64D5-4963-96C5-72F520E85A9A}"
EndProject
Project("{9A19103F-16F7-4668-BE54-9A1E7A4F7556}") = "Maze_Example", "Maze\Maze_Example.csproj", "{521F245C-9E55-4F8C-A6F8-6E599C647535}"
EndProject
Project("{9A19103F-16F7-4668-BE54-9A1E7A4F7556}") = "Basket_Example", "Basket_Example\Basket_Example.csproj", "{539A40EF-F0F5-4544-ABB7-F5A2E05529EA}"
EndProject
Project("{9A19103F-16F7-4668-BE54-9A1E7A4F7556}") = "Command_Line_Arguments_Examples", "Command_Line_Arguments_Examples\Command_Line_Arguments_Examples.csproj", "{08C74784-83DB-4973-AB76-F4C63318EF9B}"
EndProject
Project("{9A19103F-16F7-4668-BE54-9A1E7A4F7556}") = "Input_Examples", "Input_Examples\Input_Examples.csproj", "{89363369-71AC-4D2E-9EEF-0DF640977A55}"
EndProject
Project("{9A19103F-16F7-4668-BE54-9A1E7A4F7556}") = "Arrays_Example", "Arrays_Example\Arrays_Example.csproj", "{8AB0BB5D-EA33-40C9-9B38-C8A3CB2917AA}"
EndProject
Project("{FAE04EC0-301F-11D3-BF4B-00C04F79EFBC}") = "Delegate_Example", "Delegate_Example\Delegate_Example.csproj", "{590FEC37-8888-40BA-A560-A4F617BD3607}"
EndProject
Global
	GlobalSection(SolutionConfigurationPlatforms) = preSolution
		Debug|Any CPU = Debug|Any CPU
		Release|Any CPU = Release|Any CPU
	EndGlobalSection
	GlobalSection(ProjectConfigurationPlatforms) = postSolution
		{69BFB102-64D5-4963-96C5-72F520E85A9A}.Debug|Any CPU.ActiveCfg = Debug|Any CPU
		{69BFB102-64D5-4963-96C5-72F520E85A9A}.Debug|Any CPU.Build.0 = Debug|Any CPU
		{69BFB102-64D5-4963-96C5-72F520E85A9A}.Release|Any CPU.ActiveCfg = Release|Any CPU
		{69BFB102-64D5-4963-96C5-72F520E85A9A}.Release|Any CPU.Build.0 = Release|Any CPU
		{521F245C-9E55-4F8C-A6F8-6E599C647535}.Debug|Any CPU.ActiveCfg = Debug|Any CPU
		{521F245C-9E55-4F8C-A6F8-6E599C647535}.Debug|Any CPU.Build.0 = Debug|Any CPU
		{521F245C-9E55-4F8C-A6F8-6E599C647535}.Release|Any CPU.ActiveCfg = Release|Any CPU
		{521F245C-9E55-4F8C-A6F8-6E599C647535}.Release|Any CPU.Build.0 = Release|Any CPU
		{539A40EF-F0F5-4544-ABB7-F5A2E05529EA}.Debug|Any CPU.ActiveCfg = Debug|Any CPU
		{539A40EF-F0F5-4544-ABB7-F5A2E05529EA}.Debug|Any CPU.Build.0 = Debug|Any CPU
		{539A40EF-F0F5-4544-ABB7-F5A2E05529EA}.Release|Any CPU.ActiveCfg = Release|Any CPU
		{539A40EF-F0F5-4544-ABB7-F5A2E05529EA}.Release|Any CPU.Build.0 = Release|Any CPU
		{08C74784-83DB-4973-AB76-F4C63318EF9B}.Debug|Any CPU.ActiveCfg = Debug|Any CPU
		{08C74784-83DB-4973-AB76-F4C63318EF9B}.Debug|Any CPU.Build.0 = Debug|Any CPU
		{08C74784-83DB-4973-AB76-F4C63318EF9B}.Release|Any CPU.ActiveCfg = Release|Any CPU
		{08C74784-83DB-4973-AB76-F4C63318EF9B}.Release|Any CPU.Build.0 = Release|Any CPU
		{89363369-71AC-4D2E-9EEF-0DF640977A55}.Debug|Any CPU.ActiveCfg = Debug|Any CPU
		{89363369-71AC-4D2E-9EEF-0DF640977A55}.Debug|Any CPU.Build.0 = Debug|Any CPU
		{89363369-71AC-4D2E-9EEF-0DF640977A55}.Release|Any CPU.ActiveCfg = Release|Any CPU
		{89363369-71AC-4D2E-9EEF-0DF640977A55}.Release|Any CPU.Build.0 = Release|Any CPU
		{8AB0BB5D-EA33-40C9-9B38-C8A3CB2917AA}.Debug|Any CPU.ActiveCfg = Debug|Any CPU
		{8AB0BB5D-EA33-40C9-9B38-C8A3CB2917AA}.Debug|Any CPU.Build.0 = Debug|Any CPU
		{8AB0BB5D-EA33-40C9-9B38-C8A3CB2917AA}.Release|Any CPU.ActiveCfg = Release|Any CPU
		{8AB0BB5D-EA33-40C9-9B38-C8A3CB2917AA}.Release|Any CPU.Build.0 = Release|Any CPU
		{590FEC37-8888-40BA-A560-A4F617BD3607}.Debug|Any CPU.ActiveCfg = Debug|Any CPU
		{590FEC37-8888-40BA-A560-A4F617BD3607}.Debug|Any CPU.Build.0 = Debug|Any CPU
		{590FEC37-8888-40BA-A560-A4F617BD3607}.Release|Any CPU.ActiveCfg = Release|Any CPU
		{590FEC37-8888-40BA-A560-A4F617BD3607}.Release|Any CPU.Build.0 = Release|Any CPU
	EndGlobalSection
	GlobalSection(SolutionProperties) = preSolution
		HideSolutionNode = FALSE
	EndGlobalSection
	GlobalSection(ExtensibilityGlobals) = postSolution
		SolutionGuid = {67DEA321-BDA8-49BC-8267-3C816211F743}
	EndGlobalSection
EndGlobal
